
Microsoft Visual Studio Solution File, Format Version 12.00
# Visual Studio Version 17
VisualStudioVersion = 17.3.32929.385
MinimumVisualStudioVersion = 10.0.40219.1
Project("{FAE04EC0-301F-11D3-BF4B-00C04F79EFBC}") = "Tateti", "Tateti\Tateti.csproj", "{DF223961-0199-4514-B356-E59B779F9E16}"
EndProject
Global
	GlobalSection(SolutionConfigurationPlatforms) = preSolution
		Debug|Any CPU = Debug|Any CPU
		Release|Any CPU = Release|Any CPU
	EndGlobalSection
	GlobalSection(ProjectConfigurationPlatforms) = postSolution
		{DF223961-0199-4514-B356-E59B779F9E16}.Debug|Any CPU.ActiveCfg = Debug|Any CPU
		{DF223961-0199-4514-B356-E59B779F9E16}.Debug|Any CPU.Build.0 = Debug|Any CPU
		{DF223961-0199-4514-B356-E59B779F9E16}.Release|Any CPU.ActiveCfg = Release|Any CPU
		{DF223961-0199-4514-B356-E59B779F9E16}.Release|Any CPU.Build.0 = Release|Any CPU
	EndGlobalSection
	GlobalSection(SolutionProperties) = preSolution
		HideSolutionNode = FALSE
	EndGlobalSection
	GlobalSection(ExtensibilityGlobals) = postSolution
		SolutionGuid = {76AB9D40-DB62-4785-8B00-F5F59B1F261B}
	EndGlobalSection
EndGlobal
